{
  "name": "backend",
  "lockfileVersion": 2,
  "requires": true,
  "packages": {
    "": {
      "dependencies": {
        "luxon": "^3.1.0",
        "probability-distributions": "^0.9.1"
      },
      "devDependencies": {
        "@faker-js/faker": "^7.6.0"
      }
    },
    "node_modules/@faker-js/faker": {
      "version": "7.6.0",
      "resolved": "https://registry.npmjs.org/@faker-js/faker/-/faker-7.6.0.tgz",
      "integrity": "sha512-XK6BTq1NDMo9Xqw/YkYyGjSsg44fbNwYRx7QK2CuoQgyy+f1rrTDHoExVM5PsyXCtfl2vs2vVJ0MN0yN6LppRw==",
      "dev": true,
      "engines": {
        "node": ">=14.0.0",
        "npm": ">=6.0.0"
      }
    },
    "node_modules/crypto": {
      "version": "0.0.3",
      "resolved": "https://registry.npmjs.org/crypto/-/crypto-0.0.3.tgz",
      "integrity": "sha512-Q6Ka98WcvWXXg+9cnqd3jHpTSIOaH6/q0m/bESMfQo/0uFxy6e/7EqVS4JdaWx9qLdqV56tDufy2b12dj7BHJg==",
      "deprecated": "This package is no longer supported. It's now a built-in Node module. If you've depended on crypto, you should switch to the one that's built-in.",
      "engines": {
        "node": "*"
      }
    },
    "node_modules/luxon": {
      "version": "3.1.0",
      "resolved": "https://registry.npmjs.org/luxon/-/luxon-3.1.0.tgz",
      "integrity": "sha512-7w6hmKC0/aoWnEsmPCu5Br54BmbmUp5GfcqBxQngRcXJ+q5fdfjEzn7dxmJh2YdDhgW8PccYtlWKSv4tQkrTQg==",
      "engines": {
        "node": ">=12"
      }
    },
    "node_modules/probability-distributions": {
      "version": "0.9.1",
      "resolved": "https://registry.npmjs.org/probability-distributions/-/probability-distributions-0.9.1.tgz",
      "integrity": "sha512-guES77A321GzcK6swYmxhBeYQ10UNyiG0Gf4Ks+3239BuS27EFH/rrlfBW/oYlPyiufdey/3OlVqKvlXFB9LTQ==",
      "dependencies": {
        "crypto": "0.0.3"
      }
    }
  },
  "dependencies": {
    "@faker-js/faker": {
      "version": "7.6.0",
      "resolved": "https://registry.npmjs.org/@faker-js/faker/-/faker-7.6.0.tgz",
      "integrity": "sha512-XK6BTq1NDMo9Xqw/YkYyGjSsg44fbNwYRx7QK2CuoQgyy+f1rrTDHoExVM5PsyXCtfl2vs2vVJ0MN0yN6LppRw==",
      "dev": true
    },
    "crypto": {
      "version": "0.0.3",
      "resolved": "https://registry.npmjs.org/crypto/-/crypto-0.0.3.tgz",
      "integrity": "sha512-Q6Ka98WcvWXXg+9cnqd3jHpTSIOaH6/q0m/bESMfQo/0uFxy6e/7EqVS4JdaWx9qLdqV56tDufy2b12dj7BHJg=="
    },
    "luxon": {
      "version": "3.1.0",
      "resolved": "https://registry.npmjs.org/luxon/-/luxon-3.1.0.tgz",
      "integrity": "sha512-7w6hmKC0/aoWnEsmPCu5Br54BmbmUp5GfcqBxQngRcXJ+q5fdfjEzn7dxmJh2YdDhgW8PccYtlWKSv4tQkrTQg=="
    },
    "probability-distributions": {
      "version": "0.9.1",
      "resolved": "https://registry.npmjs.org/probability-distributions/-/probability-distributions-0.9.1.tgz",
      "integrity": "sha512-guES77A321GzcK6swYmxhBeYQ10UNyiG0Gf4Ks+3239BuS27EFH/rrlfBW/oYlPyiufdey/3OlVqKvlXFB9LTQ==",
      "requires": {
        "crypto": "0.0.3"
      }
    }
  }
}
